
Microsoft Visual Studio Solution File, Format Version 11.00
# Visual Studio 2010
Project("{FAE04EC0-301F-11D3-BF4B-00C04F79EFBC}") = "cs_ppx", "cs_ppx\cs_ppx.csproj", "{E87E68BB-DBB9-4B18-85E1-35C1199C2E8A}"
EndProject
Global
	GlobalSection(SubversionScc) = preSolution
		Svn-Managed = True
		Manager = AnkhSVN - Subversion Support for Visual Studio
	EndGlobalSection
	GlobalSection(SolutionConfigurationPlatforms) = preSolution
		Debug|Any CPU = Debug|Any CPU
		Debug|x64 = Debug|x64
		Release|Any CPU = Release|Any CPU
		Release|x64 = Release|x64
	EndGlobalSection
	GlobalSection(ProjectConfigurationPlatforms) = postSolution
		{E87E68BB-DBB9-4B18-85E1-35C1199C2E8A}.Debug|Any CPU.ActiveCfg = Debug|Any CPU
		{E87E68BB-DBB9-4B18-85E1-35C1199C2E8A}.Debug|Any CPU.Build.0 = Debug|Any CPU
		{E87E68BB-DBB9-4B18-85E1-35C1199C2E8A}.Debug|x64.ActiveCfg = Debug|x64
		{E87E68BB-DBB9-4B18-85E1-35C1199C2E8A}.Debug|x64.Build.0 = Debug|x64
		{E87E68BB-DBB9-4B18-85E1-35C1199C2E8A}.Release|Any CPU.ActiveCfg = Release|Any CPU
		{E87E68BB-DBB9-4B18-85E1-35C1199C2E8A}.Release|Any CPU.Build.0 = Release|Any CPU
		{E87E68BB-DBB9-4B18-85E1-35C1199C2E8A}.Release|x64.ActiveCfg = Release|x64
		{E87E68BB-DBB9-4B18-85E1-35C1199C2E8A}.Release|x64.Build.0 = Release|x64
	EndGlobalSection
	GlobalSection(SolutionProperties) = preSolution
		HideSolutionNode = FALSE
	EndGlobalSection
EndGlobal
